version = 1
requires-python = ">=3.13"

[[package]]
name = "appscript"
version = "1.3.0"
source = { registry = "https://pypi.org/simple" }
dependencies = [
    { name = "lxml" },
]
sdist = { url = "https://files.pythonhosted.org/packages/a3/84/5c0aec149c6a002d46af17e3d2c5efbe5e8258ef7574cfc17cd1b26c726e/appscript-1.3.0.tar.gz", hash = "sha256:80943118bc97f9f78a8aa55f85565752ed4d82c7893427d7d9ebfdf401c12b2c", size = 295205 }
wheels = [
    { url = "https://files.pythonhosted.org/packages/92/5a/3b642e3e904fb37d45e40bb07b4362979160bdecb0d37aa74f2506b1a47e/appscript-1.3.0-cp313-cp313-macosx_10_13_universal2.whl", hash = "sha256:13094640e2694b888827d4e133f33dad1e08c9d7102b447c3cc8a73246fdab40", size = 99574 },
    { url = "https://files.pythonhosted.org/packages/5c/bc/d8558bec737e02a9c404fb3b985b8636c313bb65a176375d551cb839e876/appscript-1.3.0-cp313-cp313-macosx_10_13_x86_64.whl", hash = "sha256:e7b4760105810e9b1ecd5b40aba7617e0a047346fb94ee4370e9d37e4383b78d", size = 85503 },
]

[[package]]
name = "babel"
version = "2.16.0"
source = { registry = "https://pypi.org/simple" }
sdist = { url = "https://files.pythonhosted.org/packages/2a/74/f1bc80f23eeba13393b7222b11d95ca3af2c1e28edca18af487137eefed9/babel-2.16.0.tar.gz", hash = "sha256:d1f3554ca26605fe173f3de0c65f750f5a42f924499bf134de6423582298e316", size = 9348104 }
wheels = [
    { url = "https://files.pythonhosted.org/packages/ed/20/bc79bc575ba2e2a7f70e8a1155618bb1301eaa5132a8271373a6903f73f8/babel-2.16.0-py3-none-any.whl", hash = "sha256:368b5b98b37c06b7daf6696391c3240c938b37767d4584413e8438c5c435fa8b", size = 9587599 },
]

[[package]]
name = "colorama"
version = "0.4.6"
source = { registry = "https://pypi.org/simple" }
sdist = { url = "https://files.pythonhosted.org/packages/d8/53/6f443c9a4a8358a93a6792e2acffb9d9d5cb0a5cfd8802644b7b1c9a02e4/colorama-0.4.6.tar.gz", hash = "sha256:08695f5cb7ed6e0531a20572697297273c47b8cae5a63ffc6d6ed5c201be6e44", size = 27697 }
wheels = [
    { url = "https://files.pythonhosted.org/packages/d1/d6/3965ed04c63042e047cb6a3e6ed1a63a35087b6a609aa3a15ed8ac56c221/colorama-0.4.6-py2.py3-none-any.whl", hash = "sha256:4f1d9991f5acc0ca119f9d443620b77f9d6b33703e51011c16baf57afb285fc6", size = 25335 },
]

[[package]]
name = "docx2pdf"
version = "0.1.8"
source = { registry = "https://pypi.org/simple" }
dependencies = [
    { name = "appscript", marker = "sys_platform == 'darwin'" },
    { name = "pywin32", marker = "sys_platform == 'win32'" },
    { name = "tqdm" },
]
sdist = { url = "https://files.pythonhosted.org/packages/ab/5d/112531fff53cf60513e14fa1707755c874d47880ec4de7b2235302ad19a0/docx2pdf-0.1.8.tar.gz", hash = "sha256:6d2c20f9ad36eec75f4da017dc7a97622946954a6124ca0b11772875fa86fbed", size = 6483 }
wheels = [
    { url = "https://files.pythonhosted.org/packages/53/4f/1155781308281e67f80b829738a29e5354e03664c62311f753056afc873b/docx2pdf-0.1.8-py3-none-any.whl", hash = "sha256:00be1401fd486640314e993423a0a1cbdbc21142186f68549d962d505b2e8a12", size = 6741 },
]

[[package]]
name = "docxcompose"
version = "1.4.0"
source = { registry = "https://pypi.org/simple" }
dependencies = [
    { name = "babel" },
    { name = "lxml" },
    { name = "python-docx" },
    { name = "setuptools" },
    { name = "six" },
]
sdist = { url = "https://files.pythonhosted.org/packages/5d/25/07597a0fda04adf2f2fc375f48f704612a91c0c1da64f4c18e78a4a26630/docxcompose-1.4.0.tar.gz", hash = "sha256:bcf2799a0b63c29eb77a3d799a2f28443ae0f69f8691ff3d753f706be515c3e9", size = 20219 }

[[package]]
name = "docxtpl"
version = "0.19.1"
source = { registry = "https://pypi.org/simple" }
dependencies = [
    { name = "docxcompose" },
    { name = "jinja2" },
    { name = "lxml" },
    { name = "python-docx" },
]
sdist = { url = "https://files.pythonhosted.org/packages/89/fe/8a71f561cc07ec01aad2a2a961828dfe6ca28994b1c9f3997c04d9da4b26/docxtpl-0.19.1.tar.gz", hash = "sha256:5836aab5583a82e2e81b086fae130ce94dc080f6b7fe0e43f83f4e3e3e5daecf", size = 31156 }
wheels = [
    { url = "https://files.pythonhosted.org/packages/7c/db/18fadca96a1895a25afaec1d4a373a0f1a9087fe088363719ba590d14c95/docxtpl-0.19.1-py2.py3-none-any.whl", hash = "sha256:12dbf93069d3d08897e3a44a4a043cb60d0320b88228ec2a6c6cf0e103c732dd", size = 29508 },
]

[[package]]
name = "et-xmlfile"
version = "2.0.0"
source = { registry = "https://pypi.org/simple" }
sdist = { url = "https://files.pythonhosted.org/packages/d3/38/af70d7ab1ae9d4da450eeec1fa3918940a5fafb9055e934af8d6eb0c2313/et_xmlfile-2.0.0.tar.gz", hash = "sha256:dab3f4764309081ce75662649be815c4c9081e88f0837825f90fd28317d4da54", size = 17234 }
wheels = [
    { url = "https://files.pythonhosted.org/packages/c1/8b/5fe2cc11fee489817272089c4203e679c63b570a5aaeb18d852ae3cbba6a/et_xmlfile-2.0.0-py3-none-any.whl", hash = "sha256:7a91720bc756843502c3b7504c77b8fe44217c85c537d85037f0f536151b2caa", size = 18059 },
]

[[package]]
name = "infographics-for-the-display"
version = "0.1.0"
source = { virtual = "." }
dependencies = [
    { name = "docx2pdf" },
    { name = "docxtpl" },
    { name = "openpyxl" },
    { name = "pymupdf" },
]

[package.metadata]
requires-dist = [
    { name = "docx2pdf", specifier = ">=0.1.8" },
    { name = "docxtpl", specifier = ">=0.19.1" },
    { name = "openpyxl", specifier = ">=3.1.5" },
    { name = "pymupdf", specifier = ">=1.25.1" },
]

[[package]]
name = "jinja2"
version = "3.1.5"
source = { registry = "https://pypi.org/simple" }
dependencies = [
    { name = "markupsafe" },
]
sdist = { url = "https://files.pythonhosted.org/packages/af/92/b3130cbbf5591acf9ade8708c365f3238046ac7cb8ccba6e81abccb0ccff/jinja2-3.1.5.tar.gz", hash = "sha256:8fefff8dc3034e27bb80d67c671eb8a9bc424c0ef4c0826edbff304cceff43bb", size = 244674 }
wheels = [
    { url = "https://files.pythonhosted.org/packages/bd/0f/2ba5fbcd631e3e88689309dbe978c5769e883e4b84ebfe7da30b43275c5a/jinja2-3.1.5-py3-none-any.whl", hash = "sha256:aba0f4dc9ed8013c424088f68a5c226f7d6097ed89b246d7749c2ec4175c6adb", size = 134596 },
]

[[package]]
name = "lxml"
version = "5.3.0"
source = { registry = "https://pypi.org/simple" }
sdist = { url = "https://files.pythonhosted.org/packages/e7/6b/20c3a4b24751377aaa6307eb230b66701024012c29dd374999cc92983269/lxml-5.3.0.tar.gz", hash = "sha256:4e109ca30d1edec1ac60cdbe341905dc3b8f55b16855e03a54aaf59e51ec8c6f", size = 3679318 }
wheels = [
    { url = "https://files.pythonhosted.org/packages/94/6a/42141e4d373903bfea6f8e94b2f554d05506dfda522ada5343c651410dc8/lxml-5.3.0-cp313-cp313-macosx_10_13_universal2.whl", hash = "sha256:8c72e9563347c7395910de6a3100a4840a75a6f60e05af5e58566868d5eb2d6a", size = 8156284 },
    { url = "https://files.pythonhosted.org/packages/91/5e/fa097f0f7d8b3d113fb7312c6308af702f2667f22644441715be961f2c7e/lxml-5.3.0-cp313-cp313-macosx_10_13_x86_64.whl", hash = "sha256:e92ce66cd919d18d14b3856906a61d3f6b6a8500e0794142338da644260595cd", size = 4432407 },
    { url = "https://files.pythonhosted.org/packages/2d/a1/b901988aa6d4ff937f2e5cfc114e4ec561901ff00660c3e56713642728da/lxml-5.3.0-cp313-cp313-manylinux_2_12_i686.manylinux2010_i686.manylinux_2_17_i686.manylinux2014_i686.whl", hash = "sha256:1d04f064bebdfef9240478f7a779e8c5dc32b8b7b0b2fc6a62e39b928d428e51", size = 5048331 },
    { url = "https://files.pythonhosted.org/packages/30/0f/b2a54f48e52de578b71bbe2a2f8160672a8a5e103df3a78da53907e8c7ed/lxml-5.3.0-cp313-cp313-manylinux_2_17_aarch64.manylinux2014_aarch64.whl", hash = "sha256:5c2fb570d7823c2bbaf8b419ba6e5662137f8166e364a8b2b91051a1fb40ab8b", size = 4744835 },
    { url = "https://files.pythonhosted.org/packages/82/9d/b000c15538b60934589e83826ecbc437a1586488d7c13f8ee5ff1f79a9b8/lxml-5.3.0-cp313-cp313-manylinux_2_17_ppc64le.manylinux2014_ppc64le.whl", hash = "sha256:0c120f43553ec759f8de1fee2f4794452b0946773299d44c36bfe18e83caf002", size = 5316649 },
    { url = "https://files.pythonhosted.org/packages/e3/ee/ffbb9eaff5e541922611d2c56b175c45893d1c0b8b11e5a497708a6a3b3b/lxml-5.3.0-cp313-cp313-manylinux_2_17_s390x.manylinux2014_s390x.whl", hash = "sha256:562e7494778a69086f0312ec9689f6b6ac1c6b65670ed7d0267e49f57ffa08c4", size = 4812046 },
    { url = "https://files.pythonhosted.org/packages/15/ff/7ff89d567485c7b943cdac316087f16b2399a8b997007ed352a1248397e5/lxml-5.3.0-cp313-cp313-manylinux_2_17_x86_64.manylinux2014_x86_64.whl", hash = "sha256:423b121f7e6fa514ba0c7918e56955a1d4470ed35faa03e3d9f0e3baa4c7e492", size = 4918597 },
    { url = "https://files.pythonhosted.org/packages/c6/a3/535b6ed8c048412ff51268bdf4bf1cf052a37aa7e31d2e6518038a883b29/lxml-5.3.0-cp313-cp313-manylinux_2_28_aarch64.whl", hash = "sha256:c00f323cc00576df6165cc9d21a4c21285fa6b9989c5c39830c3903dc4303ef3", size = 4738071 },
    { url = "https://files.pythonhosted.org/packages/7a/8f/cbbfa59cb4d4fd677fe183725a76d8c956495d7a3c7f111ab8f5e13d2e83/lxml-5.3.0-cp313-cp313-manylinux_2_28_ppc64le.whl", hash = "sha256:1fdc9fae8dd4c763e8a31e7630afef517eab9f5d5d31a278df087f307bf601f4", size = 5342213 },
    { url = "https://files.pythonhosted.org/packages/5c/fb/db4c10dd9958d4b52e34d1d1f7c1f434422aeaf6ae2bbaaff2264351d944/lxml-5.3.0-cp313-cp313-manylinux_2_28_s390x.whl", hash = "sha256:658f2aa69d31e09699705949b5fc4719cbecbd4a97f9656a232e7d6c7be1a367", size = 4893749 },
    { url = "https://files.pythonhosted.org/packages/f2/38/bb4581c143957c47740de18a3281a0cab7722390a77cc6e610e8ebf2d736/lxml-5.3.0-cp313-cp313-manylinux_2_28_x86_64.whl", hash = "sha256:1473427aff3d66a3fa2199004c3e601e6c4500ab86696edffdbc84954c72d832", size = 4945901 },
    { url = "https://files.pythonhosted.org/packages/fc/d5/18b7de4960c731e98037bd48fa9f8e6e8f2558e6fbca4303d9b14d21ef3b/lxml-5.3.0-cp313-cp313-musllinux_1_2_aarch64.whl", hash = "sha256:a87de7dd873bf9a792bf1e58b1c3887b9264036629a5bf2d2e6579fe8e73edff", size = 4815447 },
    { url = "https://files.pythonhosted.org/packages/97/a8/cd51ceaad6eb849246559a8ef60ae55065a3df550fc5fcd27014361c1bab/lxml-5.3.0-cp313-cp313-musllinux_1_2_ppc64le.whl", hash = "sha256:0d7b36afa46c97875303a94e8f3ad932bf78bace9e18e603f2085b652422edcd", size = 5411186 },
    { url = "https://files.pythonhosted.org/packages/89/c3/1e3dabab519481ed7b1fdcba21dcfb8832f57000733ef0e71cf6d09a5e03/lxml-5.3.0-cp313-cp313-musllinux_1_2_s390x.whl", hash = "sha256:cf120cce539453ae086eacc0130a324e7026113510efa83ab42ef3fcfccac7fb", size = 5324481 },
    { url = "https://files.pythonhosted.org/packages/b6/17/71e9984cf0570cd202ac0a1c9ed5c1b8889b0fc8dc736f5ef0ffb181c284/lxml-5.3.0-cp313-cp313-musllinux_1_2_x86_64.whl", hash = "sha256:df5c7333167b9674aa8ae1d4008fa4bc17a313cc490b2cca27838bbdcc6bb15b", size = 5011053 },
    { url = "https://files.pythonhosted.org/packages/69/68/9f7e6d3312a91e30829368c2b3217e750adef12a6f8eb10498249f4e8d72/lxml-5.3.0-cp313-cp313-win32.whl", hash = "sha256:c802e1c2ed9f0c06a65bc4ed0189d000ada8049312cfeab6ca635e39c9608957", size = 3485634 },
    { url = "https://files.pythonhosted.org/packages/7d/db/214290d58ad68c587bd5d6af3d34e56830438733d0d0856c0275fde43652/lxml-5.3.0-cp313-cp313-win_amd64.whl", hash = "sha256:406246b96d552e0503e17a1006fd27edac678b3fcc9f1be71a2f94b4ff61528d", size = 3814417 },
]

[[package]]
name = "markupsafe"
version = "3.0.2"
source = { registry = "https://pypi.org/simple" }
sdist = { url = "https://files.pythonhosted.org/packages/b2/97/5d42485e71dfc078108a86d6de8fa46db44a1a9295e89c5d6d4a06e23a62/markupsafe-3.0.2.tar.gz", hash = "sha256:ee55d3edf80167e48ea11a923c7386f4669df67d7994554387f84e7d8b0a2bf0", size = 20537 }
wheels = [
    { url = "https://files.pythonhosted.org/packages/83/0e/67eb10a7ecc77a0c2bbe2b0235765b98d164d81600746914bebada795e97/MarkupSafe-3.0.2-cp313-cp313-macosx_10_13_universal2.whl", hash = "sha256:ba9527cdd4c926ed0760bc301f6728ef34d841f405abf9d4f959c478421e4efd", size = 14274 },
    { url = "https://files.pythonhosted.org/packages/2b/6d/9409f3684d3335375d04e5f05744dfe7e9f120062c9857df4ab490a1031a/MarkupSafe-3.0.2-cp313-cp313-macosx_11_0_arm64.whl", hash = "sha256:f8b3d067f2e40fe93e1ccdd6b2e1d16c43140e76f02fb1319a05cf2b79d99430", size = 12352 },
    { url = "https://files.pythonhosted.org/packages/d2/f5/6eadfcd3885ea85fe2a7c128315cc1bb7241e1987443d78c8fe712d03091/MarkupSafe-3.0.2-cp313-cp313-manylinux_2_17_aarch64.manylinux2014_aarch64.whl", hash = "sha256:569511d3b58c8791ab4c2e1285575265991e6d8f8700c7be0e88f86cb0672094", size = 24122 },
    { url = "https://files.pythonhosted.org/packages/0c/91/96cf928db8236f1bfab6ce15ad070dfdd02ed88261c2afafd4b43575e9e9/MarkupSafe-3.0.2-cp313-cp313-manylinux_2_17_x86_64.manylinux2014_x86_64.whl", hash = "sha256:15ab75ef81add55874e7ab7055e9c397312385bd9ced94920f2802310c930396", size = 23085 },
    { url = "https://files.pythonhosted.org/packages/c2/cf/c9d56af24d56ea04daae7ac0940232d31d5a8354f2b457c6d856b2057d69/MarkupSafe-3.0.2-cp313-cp313-manylinux_2_5_i686.manylinux1_i686.manylinux_2_17_i686.manylinux2014_i686.whl", hash = "sha256:f3818cb119498c0678015754eba762e0d61e5b52d34c8b13d770f0719f7b1d79", size = 22978 },
    { url = "https://files.pythonhosted.org/packages/2a/9f/8619835cd6a711d6272d62abb78c033bda638fdc54c4e7f4272cf1c0962b/MarkupSafe-3.0.2-cp313-cp313-musllinux_1_2_aarch64.whl", hash = "sha256:cdb82a876c47801bb54a690c5ae105a46b392ac6099881cdfb9f6e95e4014c6a", size = 24208 },
    { url = "https://files.pythonhosted.org/packages/f9/bf/176950a1792b2cd2102b8ffeb5133e1ed984547b75db47c25a67d3359f77/MarkupSafe-3.0.2-cp313-cp313-musllinux_1_2_i686.whl", hash = "sha256:cabc348d87e913db6ab4aa100f01b08f481097838bdddf7c7a84b7575b7309ca", size = 23357 },
    { url = "https://files.pythonhosted.org/packages/ce/4f/9a02c1d335caabe5c4efb90e1b6e8ee944aa245c1aaaab8e8a618987d816/MarkupSafe-3.0.2-cp313-cp313-musllinux_1_2_x86_64.whl", hash = "sha256:444dcda765c8a838eaae23112db52f1efaf750daddb2d9ca300bcae1039adc5c", size = 23344 },
    { url = "https://files.pythonhosted.org/packages/ee/55/c271b57db36f748f0e04a759ace9f8f759ccf22b4960c270c78a394f58be/MarkupSafe-3.0.2-cp313-cp313-win32.whl", hash = "sha256:bcf3e58998965654fdaff38e58584d8937aa3096ab5354d493c77d1fdd66d7a1", size = 15101 },
    { url = "https://files.pythonhosted.org/packages/29/88/07df22d2dd4df40aba9f3e402e6dc1b8ee86297dddbad4872bd5e7b0094f/MarkupSafe-3.0.2-cp313-cp313-win_amd64.whl", hash = "sha256:e6a2a455bd412959b57a172ce6328d2dd1f01cb2135efda2e4576e8a23fa3b0f", size = 15603 },
    { url = "https://files.pythonhosted.org/packages/62/6a/8b89d24db2d32d433dffcd6a8779159da109842434f1dd2f6e71f32f738c/MarkupSafe-3.0.2-cp313-cp313t-macosx_10_13_universal2.whl", hash = "sha256:b5a6b3ada725cea8a5e634536b1b01c30bcdcd7f9c6fff4151548d5bf6b3a36c", size = 14510 },
    { url = "https://files.pythonhosted.org/packages/7a/06/a10f955f70a2e5a9bf78d11a161029d278eeacbd35ef806c3fd17b13060d/MarkupSafe-3.0.2-cp313-cp313t-macosx_11_0_arm64.whl", hash = "sha256:a904af0a6162c73e3edcb969eeeb53a63ceeb5d8cf642fade7d39e7963a22ddb", size = 12486 },
    { url = "https://files.pythonhosted.org/packages/34/cf/65d4a571869a1a9078198ca28f39fba5fbb910f952f9dbc5220afff9f5e6/MarkupSafe-3.0.2-cp313-cp313t-manylinux_2_17_aarch64.manylinux2014_aarch64.whl", hash = "sha256:4aa4e5faecf353ed117801a068ebab7b7e09ffb6e1d5e412dc852e0da018126c", size = 25480 },
    { url = "https://files.pythonhosted.org/packages/0c/e3/90e9651924c430b885468b56b3d597cabf6d72be4b24a0acd1fa0e12af67/MarkupSafe-3.0.2-cp313-cp313t-manylinux_2_17_x86_64.manylinux2014_x86_64.whl", hash = "sha256:c0ef13eaeee5b615fb07c9a7dadb38eac06a0608b41570d8ade51c56539e509d", size = 23914 },
    { url = "https://files.pythonhosted.org/packages/66/8c/6c7cf61f95d63bb866db39085150df1f2a5bd3335298f14a66b48e92659c/MarkupSafe-3.0.2-cp313-cp313t-manylinux_2_5_i686.manylinux1_i686.manylinux_2_17_i686.manylinux2014_i686.whl", hash = "sha256:d16a81a06776313e817c951135cf7340a3e91e8c1ff2fac444cfd75fffa04afe", size = 23796 },
    { url = "https://files.pythonhosted.org/packages/bb/35/cbe9238ec3f47ac9a7c8b3df7a808e7cb50fe149dc7039f5f454b3fba218/MarkupSafe-3.0.2-cp313-cp313t-musllinux_1_2_aarch64.whl", hash = "sha256:6381026f158fdb7c72a168278597a5e3a5222e83ea18f543112b2662a9b699c5", size = 25473 },
    { url = "https://files.pythonhosted.org/packages/e6/32/7621a4382488aa283cc05e8984a9c219abad3bca087be9ec77e89939ded9/MarkupSafe-3.0.2-cp313-cp313t-musllinux_1_2_i686.whl", hash = "sha256:3d79d162e7be8f996986c064d1c7c817f6df3a77fe3d6859f6f9e7be4b8c213a", size = 24114 },
    { url = "https://files.pythonhosted.org/packages/0d/80/0985960e4b89922cb5a0bac0ed39c5b96cbc1a536a99f30e8c220a996ed9/MarkupSafe-3.0.2-cp313-cp313t-musllinux_1_2_x86_64.whl", hash = "sha256:131a3c7689c85f5ad20f9f6fb1b866f402c445b220c19fe4308c0b147ccd2ad9", size = 24098 },
    { url = "https://files.pythonhosted.org/packages/82/78/fedb03c7d5380df2427038ec8d973587e90561b2d90cd472ce9254cf348b/MarkupSafe-3.0.2-cp313-cp313t-win32.whl", hash = "sha256:ba8062ed2cf21c07a9e295d5b8a2a5ce678b913b45fdf68c32d95d6c1291e0b6", size = 15208 },
    { url = "https://files.pythonhosted.org/packages/4f/65/6079a46068dfceaeabb5dcad6d674f5f5c61a6fa5673746f42a9f4c233b3/MarkupSafe-3.0.2-cp313-cp313t-win_amd64.whl", hash = "sha256:e444a31f8db13eb18ada366ab3cf45fd4b31e4db1236a4448f68778c1d1a5a2f", size = 15739 },
]

[[package]]
name = "openpyxl"
version = "3.1.5"
source = { registry = "https://pypi.org/simple" }
dependencies = [
    { name = "et-xmlfile" },
]
sdist = { url = "https://files.pythonhosted.org/packages/3d/f9/88d94a75de065ea32619465d2f77b29a0469500e99012523b91cc4141cd1/openpyxl-3.1.5.tar.gz", hash = "sha256:cf0e3cf56142039133628b5acffe8ef0c12bc902d2aadd3e0fe5878dc08d1050", size = 186464 }
wheels = [
    { url = "https://files.pythonhosted.org/packages/c0/da/977ded879c29cbd04de313843e76868e6e13408a94ed6b987245dc7c8506/openpyxl-3.1.5-py2.py3-none-any.whl", hash = "sha256:5282c12b107bffeef825f4617dc029afaf41d0ea60823bbb665ef3079dc79de2", size = 250910 },
]

[[package]]
name = "pymupdf"
version = "1.25.1"
source = { registry = "https://pypi.org/simple" }
sdist = { url = "https://files.pythonhosted.org/packages/c3/88/76c076c152be6d29a792defc3b3bff73de7f690e55f978b66adf6dbb8a1a/pymupdf-1.25.1.tar.gz", hash = "sha256:6725bec0f37c2380d926f792c262693c926af7cc1aa5aa2b8207e771867f015a", size = 60979390 }
wheels = [
    { url = "https://files.pythonhosted.org/packages/92/7b/e7205ea48f547122c226a34f5452bc72915b6d06d7925970b8dd3493baf1/pymupdf-1.25.1-cp39-abi3-macosx_10_9_x86_64.whl", hash = "sha256:793f9f6d51029e97851c711b3f6d9fe912313d95a306fbe8b1866f301d0e2bd3", size = 19364135 },
    { url = "https://files.pythonhosted.org/packages/0e/b6/2ad245dcbbb1abae9eeb8de5049b27c12c9ee8590c6c769499e386164bd6/pymupdf-1.25.1-cp39-abi3-macosx_11_0_arm64.whl", hash = "sha256:15e6f4013ad0a029a2221920f9d2081f56dc43259dabfdf5cad7fbf1cee4b5a7", size = 18598176 },
    { url = "https://files.pythonhosted.org/packages/32/bf/d7697604ea2b1fe299c7bdf4b57e3549693ce73f75c44e890cfd34837d23/pymupdf-1.25.1-cp39-abi3-manylinux2014_aarch64.manylinux_2_17_aarch64.whl", hash = "sha256:a39afbd80381f43e30d6eb2ec4613f465f507ac2b76070abdd2da8724f32ef36", size = 19458090 },
    { url = "https://files.pythonhosted.org/packages/77/15/7bf672afb99002ad813aeb4886cc601bb9a4629210d9a3906a8d5650a941/pymupdf-1.25.1-cp39-abi3-manylinux2014_x86_64.manylinux_2_17_x86_64.whl", hash = "sha256:b63f8e9e65b0bda48f9217efd4d2a8c6d7a739dd28baf460c1ae78439b9af489", size = 20021618 },
    { url = "https://files.pythonhosted.org/packages/8c/e3/1a7a8400f1688c3c782478635ca929f85facd266157e4b90d650766bc49d/pymupdf-1.25.1-cp39-abi3-musllinux_1_2_x86_64.whl", hash = "sha256:a687bd387589e30abd810a78a23341f57f43fa16a4d8d8c0b870bb6d89607343", size = 21144453 },
    { url = "https://files.pythonhosted.org/packages/a1/d1/440b267842a1374f8d55c508302882f2ef7dd0f859514f060e1618ef97aa/pymupdf-1.25.1-cp39-abi3-win32.whl", hash = "sha256:fc7dbc1aa9e298a4c81084e389c9623c26fcaa232c71efaa073af150069e2221", size = 15112052 },
    { url = "https://files.pythonhosted.org/packages/46/72/8c5bbf817aacebe21a454f3ade8ee4b5b17afe698bb73d65c4ca23a89a87/pymupdf-1.25.1-cp39-abi3-win_amd64.whl", hash = "sha256:e2b0b73c0aab0f863e5132c93cfa4607e8129feb1afa3d544b2cf7f172c50b5a", size = 16559080 },
]

[[package]]
name = "python-docx"
version = "1.1.2"
source = { registry = "https://pypi.org/simple" }
dependencies = [
    { name = "lxml" },
    { name = "typing-extensions" },
]
sdist = { url = "https://files.pythonhosted.org/packages/35/e4/386c514c53684772885009c12b67a7edd526c15157778ac1b138bc75063e/python_docx-1.1.2.tar.gz", hash = "sha256:0cf1f22e95b9002addca7948e16f2cd7acdfd498047f1941ca5d293db7762efd", size = 5656581 }
wheels = [
    { url = "https://files.pythonhosted.org/packages/3e/3d/330d9efbdb816d3f60bf2ad92f05e1708e4a1b9abe80461ac3444c83f749/python_docx-1.1.2-py3-none-any.whl", hash = "sha256:08c20d6058916fb19853fcf080f7f42b6270d89eac9fa5f8c15f691c0017fabe", size = 244315 },
]

[[package]]
name = "pywin32"
version = "308"
source = { registry = "https://pypi.org/simple" }
wheels = [
    { url = "https://files.pythonhosted.org/packages/a9/a4/aa562d8935e3df5e49c161b427a3a2efad2ed4e9cf81c3de636f1fdddfd0/pywin32-308-cp313-cp313-win32.whl", hash = "sha256:1c44539a37a5b7b21d02ab34e6a4d314e0788f1690d65b48e9b0b89f31abbbed", size = 5938579 },
    { url = "https://files.pythonhosted.org/packages/c7/50/b0efb8bb66210da67a53ab95fd7a98826a97ee21f1d22949863e6d588b22/pywin32-308-cp313-cp313-win_amd64.whl", hash = "sha256:fd380990e792eaf6827fcb7e187b2b4b1cede0585e3d0c9e84201ec27b9905e4", size = 6542056 },
    { url = "https://files.pythonhosted.org/packages/26/df/2b63e3e4f2df0224f8aaf6d131f54fe4e8c96400eb9df563e2aae2e1a1f9/pywin32-308-cp313-cp313-win_arm64.whl", hash = "sha256:ef313c46d4c18dfb82a2431e3051ac8f112ccee1a34f29c263c583c568db63cd", size = 7974986 },
]

[[package]]
name = "setuptools"
version = "75.6.0"
source = { registry = "https://pypi.org/simple" }
sdist = { url = "https://files.pythonhosted.org/packages/43/54/292f26c208734e9a7f067aea4a7e282c080750c4546559b58e2e45413ca0/setuptools-75.6.0.tar.gz", hash = "sha256:8199222558df7c86216af4f84c30e9b34a61d8ba19366cc914424cdbd28252f6", size = 1337429 }
wheels = [
    { url = "https://files.pythonhosted.org/packages/55/21/47d163f615df1d30c094f6c8bbb353619274edccf0327b185cc2493c2c33/setuptools-75.6.0-py3-none-any.whl", hash = "sha256:ce74b49e8f7110f9bf04883b730f4765b774ef3ef28f722cce7c273d253aaf7d", size = 1224032 },
]

[[package]]
name = "six"
version = "1.17.0"
source = { registry = "https://pypi.org/simple" }
sdist = { url = "https://files.pythonhosted.org/packages/94/e7/b2c673351809dca68a0e064b6af791aa332cf192da575fd474ed7d6f16a2/six-1.17.0.tar.gz", hash = "sha256:ff70335d468e7eb6ec65b95b99d3a2836546063f63acc5171de367e834932a81", size = 34031 }
wheels = [
    { url = "https://files.pythonhosted.org/packages/b7/ce/149a00dd41f10bc29e5921b496af8b574d8413afcd5e30dfa0ed46c2cc5e/six-1.17.0-py2.py3-none-any.whl", hash = "sha256:4721f391ed90541fddacab5acf947aa0d3dc7d27b2e1e8eda2be8970586c3274", size = 11050 },
]

[[package]]
name = "tqdm"
version = "4.67.1"
source = { registry = "https://pypi.org/simple" }
dependencies = [
    { name = "colorama", marker = "sys_platform == 'win32'" },
]
sdist = { url = "https://files.pythonhosted.org/packages/a8/4b/29b4ef32e036bb34e4ab51796dd745cdba7ed47ad142a9f4a1eb8e0c744d/tqdm-4.67.1.tar.gz", hash = "sha256:f8aef9c52c08c13a65f30ea34f4e5aac3fd1a34959879d7e59e63027286627f2", size = 169737 }
wheels = [
    { url = "https://files.pythonhosted.org/packages/d0/30/dc54f88dd4a2b5dc8a0279bdd7270e735851848b762aeb1c1184ed1f6b14/tqdm-4.67.1-py3-none-any.whl", hash = "sha256:26445eca388f82e72884e0d580d5464cd801a3ea01e63e5601bdff9ba6a48de2", size = 78540 },
]

[[package]]
name = "typing-extensions"
version = "4.12.2"
source = { registry = "https://pypi.org/simple" }
sdist = { url = "https://files.pythonhosted.org/packages/df/db/f35a00659bc03fec321ba8bce9420de607a1d37f8342eee1863174c69557/typing_extensions-4.12.2.tar.gz", hash = "sha256:1a7ead55c7e559dd4dee8856e3a88b41225abfe1ce8df57b7c13915fe121ffb8", size = 85321 }
wheels = [
    { url = "https://files.pythonhosted.org/packages/26/9f/ad63fc0248c5379346306f8668cda6e2e2e9c95e01216d2b8ffd9ff037d0/typing_extensions-4.12.2-py3-none-any.whl", hash = "sha256:04e5ca0351e0f3f85c6853954072df659d0d13fac324d0072316b67d7794700d", size = 37438 },
]
